
Microsoft Visual Studio Solution File, Format Version 12.00
# Visual Studio 15
VisualStudioVersion = 15.0.26730.16
MinimumVisualStudioVersion = 10.0.40219.1
Project("{FAE04EC0-301F-11D3-BF4B-00C04F79EFBC}") = "HDevelopTemplateWPF", "HDevelopTemplateWPF.csproj", "{9D0A0D2C-5F55-4126-A30E-BD8E38C49DE0}"
EndProject
Global
	GlobalSection(SolutionConfigurationPlatforms) = preSolution
		Debug|Any CPU = Debug|Any CPU
		Debug|x86 = Debug|x86
		Release|Any CPU = Release|Any CPU
		Release|x86 = Release|x86
	EndGlobalSection
	GlobalSection(ProjectConfigurationPlatforms) = postSolution
		{9D0A0D2C-5F55-4126-A30E-BD8E38C49DE0}.Debug|Any CPU.ActiveCfg = Debug|Any CPU
		{9D0A0D2C-5F55-4126-A30E-BD8E38C49DE0}.Debug|Any CPU.Build.0 = Debug|Any CPU
		{9D0A0D2C-5F55-4126-A30E-BD8E38C49DE0}.Debug|x86.ActiveCfg = Debug|x86
		{9D0A0D2C-5F55-4126-A30E-BD8E38C49DE0}.Debug|x86.Build.0 = Debug|x86
		{9D0A0D2C-5F55-4126-A30E-BD8E38C49DE0}.Release|Any CPU.ActiveCfg = Release|Any CPU
		{9D0A0D2C-5F55-4126-A30E-BD8E38C49DE0}.Release|Any CPU.Build.0 = Release|Any CPU
		{9D0A0D2C-5F55-4126-A30E-BD8E38C49DE0}.Release|x86.ActiveCfg = Release|x86
		{9D0A0D2C-5F55-4126-A30E-BD8E38C49DE0}.Release|x86.Build.0 = Release|x86
	EndGlobalSection
	GlobalSection(SolutionProperties) = preSolution
		HideSolutionNode = FALSE
	EndGlobalSection
	GlobalSection(ExtensibilityGlobals) = postSolution
		SolutionGuid = {F6513D1E-2AB5-4C43-AB73-27308A7AEC4C}
	EndGlobalSection
EndGlobal
